{
  "name": "covid-19-estimator-js",
  "version": "1.0.0",
  "lockfileVersion": 1,
  "requires": true,
  "dependencies": {
    "@babel/core": {
      "version": "7.9.0",
      "resolved": "https://registry.npmjs.org/@babel/core/-/core-7.9.0.tgz",
      "integrity": "sha512-kWc7L0fw1xwvI0zi8OKVBuxRVefwGOrKSQMvrQ3dW+bIIavBY3/NpXmpjMy7bQnLgwgzWQZ8TlM57YHpHNHz4w==",
      "dev": true
    },
    "@babel/preset-env": {
      "version": "7.9.5",
      "resolved": "https://registry.npmjs.org/@babel/preset-env/-/preset-env-7.9.5.tgz",
      "integrity": "sha512-eWGYeADTlPJH+wq1F0wNfPbVS1w1wtmMJiYk55Td5Yu28AsdR9AsC97sZ0Qq8fHqQuslVSIYSGJMcblr345GfQ==",
      "dev": true
    },
    "babel-jest": {
      "version": "25.3.0",
      "resolved": "https://registry.npmjs.org/babel-jest/-/babel-jest-25.3.0.tgz",
      "integrity": "sha512-qiXeX1Cmw4JZ5yQ4H57WpkO0MZ61Qj+YnsVUwAMnDV5ls+yHon11XjarDdgP7H8lTmiEi6biiZA8y3Tmvx6pCg==",
      "dev": true,
      "dependencies": {
        "ansi-styles": {
          "version": "4.2.1",
          "resolved": "https://registry.npmjs.org/ansi-styles/-/ansi-styles-4.2.1.tgz",
          "integrity": "sha512-9VGjrMsG1vePxcSweQsN20KY/c4zN0h9fLjqAbwbPfahM3t+NL+M9HC8xeXG2I8pX5NoamTGNuomEUFI7fcUjA=="
        },
        "chalk": {
          "version": "3.0.0",
          "resolved": "https://registry.npmjs.org/chalk/-/chalk-3.0.0.tgz",
          "integrity": "sha512-4D3B6Wf41KOYRFdszmDqMCGq5VV/uMAB273JILmO+3jAlh8X4qDtdtgCR3fxtbLEMzSx22QdhnDcJvu2u1fVwg=="
        },
        "color-convert": {
          "version": "2.0.1",
          "resolved": "https://registry.npmjs.org/color-convert/-/color-convert-2.0.1.tgz",
          "integrity": "sha512-RRECPsj7iu/xb5oKYcsFHSppFNnsj/52OVTRKb4zP5onXwVF3zVmmToNcOfGC+CRDpfK/U584fMg38ZHCaElKQ=="
        },
        "color-name": {
          "version": "1.1.4",
          "resolved": "https://registry.npmjs.org/color-name/-/color-name-1.1.4.tgz",
          "integrity": "sha512-dOy+3AuW3a2wNbZHIuMZpTcgjGuLU/uBL/ubcZF9OXbDo8ff4O8yVp5Bf0efS8uEoYo5q4Fx7dY9OgQGXgAsQA=="
        },
        "has-flag": {
          "version": "4.0.0",
          "resolved": "https://registry.npmjs.org/has-flag/-/has-flag-4.0.0.tgz",
          "integrity": "sha512-EykJT/Q1KjTWctppgIAgfSO0tKVuZUjhgMr17kqTumMl6Afv3EISleU7qZUzoXDFTAHTDC4NOoG/ZxU3EvlMPQ=="
        },
        "supports-color": {
          "version": "7.1.0",
          "resolved": "https://registry.npmjs.org/supports-color/-/supports-color-7.1.0.tgz",
          "integrity": "sha512-oRSIpR8pxT1Wr2FquTNnGet79b3BWljqOuoW/h4oBhxJ/HUbX5nX6JSruTkvXDCFMwDPvsaTTbvMLKZWSy0R5g=="
        }
      }
    },
    "eslint": {
      "version": "6.8.0",
      "resolved": "https://registry.npmjs.org/eslint/-/eslint-6.8.0.tgz",
      "integrity": "sha512-K+Iayyo2LtyYhDSYwz5D5QdWw0hCacNzyq1Y821Xna2xSJj7cijoLLYmLxTQgcgZ9mC61nryMy9S7GRbYpI5Ig==",
      "dev": true,
      "dependencies": {
        "globals": {
          "version": "12.4.0",
          "resolved": "https://registry.npmjs.org/globals/-/globals-12.4.0.tgz",
          "integrity": "sha512-BWICuzzDvDoH54NHKCseDanAhE3CeDorgDL5MT6LMXXj2WCnd9UC2szdk4AWLfjdgNBCXLUanXYcpBBKOSWGwg=="
        },
        "semver": {
          "version": "6.3.0",
          "resolved": "https://registry.npmjs.org/semver/-/semver-6.3.0.tgz",
          "integrity": "sha512-b39TBaTSfV6yBrapU89p5fKekE2m/NwnDocOVruQFS1/veMgdzuPcnOM34M6CwxW8jH/lxEa5rBoDeUwu5HHTw=="
        }
      }
    },
    "eslint-config-airbnb-base": {
      "version": "14.1.0",
      "resolved": "https://registry.npmjs.org/eslint-config-airbnb-base/-/eslint-config-airbnb-base-14.1.0.tgz",
      "integrity": "sha512-+XCcfGyCnbzOnktDVhwsCAx+9DmrzEmuwxyHUJpw+kqBVT744OUBrB09khgFKlK1lshVww6qXGsYPZpavoNjJw==",
      "dev": true
    },
    "eslint-plugin-import": {
      "version": "2.20.2",
      "resolved": "https://registry.npmjs.org/eslint-plugin-import/-/eslint-plugin-import-2.20.2.tgz",
      "integrity": "sha512-FObidqpXrR8OnCh4iNsxy+WACztJLXAHBO5hK79T1Hc77PgQZkyDGA5Ag9xAvRpglvLNxhH/zSmZ70/pZ31dHg==",
      "dev": true,
      "dependencies": {
        "debug": {
          "version": "2.6.9",
          "resolved": "https://registry.npmjs.org/debug/-/debug-2.6.9.tgz",
          "integrity": "sha512-bC7ElrdJaJnPbAP+1EotYvqZsb3ecl5wi6Bfi6BJTUcNowp6cvspg0jXznRTKDjm/E7AdgFBVeAPVMNcKGsHMA=="
        },
        "doctrine": {
          "version": "1.5.0",
          "resolved": "https://registry.npmjs.org/doctrine/-/doctrine-1.5.0.tgz",
          "integrity": "sha1-N53Ocw9hZvds76TmcHoVmwLFpvo="
        },
        "ms": {
          "version": "2.0.0",
          "resolved": "https://registry.npmjs.org/ms/-/ms-2.0.0.tgz",
          "integrity": "sha1-VgiurfwAvmwpAd9fmGF4jeDVl8g="
        }
      }
    },
    "jest": {
      "version": "25.3.0",
      "resolved": "https://registry.npmjs.org/jest/-/jest-25.3.0.tgz",
      "integrity": "sha512-iKd5ShQSHzFT5IL/6h5RZJhApgqXSoPxhp5HEi94v6OAw9QkF8T7X+liEU2eEHJ1eMFYTHmeWLrpBWulsDpaUg==",
      "dev": true,
      "dependencies": {
        "ansi-styles": {
          "version": "4.2.1",
          "resolved": "https://registry.npmjs.org/ansi-styles/-/ansi-styles-4.2.1.tgz",
          "integrity": "sha512-9VGjrMsG1vePxcSweQsN20KY/c4zN0h9fLjqAbwbPfahM3t+NL+M9HC8xeXG2I8pX5NoamTGNuomEUFI7fcUjA=="
        },
        "chalk": {
          "version": "3.0.0",
          "resolved": "https://registry.npmjs.org/chalk/-/chalk-3.0.0.tgz",
          "integrity": "sha512-4D3B6Wf41KOYRFdszmDqMCGq5VV/uMAB273JILmO+3jAlh8X4qDtdtgCR3fxtbLEMzSx22QdhnDcJvu2u1fVwg=="
        },
        "color-convert": {
          "version": "2.0.1",
          "resolved": "https://registry.npmjs.org/color-convert/-/color-convert-2.0.1.tgz",
          "integrity": "sha512-RRECPsj7iu/xb5oKYcsFHSppFNnsj/52OVTRKb4zP5onXwVF3zVmmToNcOfGC+CRDpfK/U584fMg38ZHCaElKQ=="
        },
        "color-name": {
          "version": "1.1.4",
          "resolved": "https://registry.npmjs.org/color-name/-/color-name-1.1.4.tgz",
          "integrity": "sha512-dOy+3AuW3a2wNbZHIuMZpTcgjGuLU/uBL/ubcZF9OXbDo8ff4O8yVp5Bf0efS8uEoYo5q4Fx7dY9OgQGXgAsQA=="
        },
        "has-flag": {
          "version": "4.0.0",
          "resolved": "https://registry.npmjs.org/has-flag/-/has-flag-4.0.0.tgz",
          "integrity": "sha512-EykJT/Q1KjTWctppgIAgfSO0tKVuZUjhgMr17kqTumMl6Afv3EISleU7qZUzoXDFTAHTDC4NOoG/ZxU3EvlMPQ=="
        },
        "jest-cli": {
          "version": "25.3.0",
          "resolved": "https://registry.npmjs.org/jest-cli/-/jest-cli-25.3.0.tgz",
          "integrity": "sha512-XpNQPlW1tzpP7RGG8dxpkRegYDuLjzSiENu92+CYM87nEbmEPb3b4+yo8xcsHOnj0AG7DUt9b3uG8LuHI3MDzw=="
        },
        "supports-color": {
          "version": "7.1.0",
          "resolved": "https://registry.npmjs.org/supports-color/-/supports-color-7.1.0.tgz",
          "integrity": "sha512-oRSIpR8pxT1Wr2FquTNnGet79b3BWljqOuoW/h4oBhxJ/HUbX5nX6JSruTkvXDCFMwDPvsaTTbvMLKZWSy0R5g=="
        }
      }
    },
    "on-covid-19": {
      "version": "0.1.3",
      "resolved": "https://registry.npmjs.org/on-covid-19/-/on-covid-19-0.1.3.tgz",
      "integrity": "sha512-i4S9lESMxMRNsaESjxrXi5Bh2fpKdLD8zSpDwp8GcyZvXZcJ/4fXjOZ26nDebWvmDrPFF3+emTyk4560Szfl6A=="
    }
  }
}
